
Microsoft Visual Studio Solution File, Format Version 12.00
# Visual Studio Version 16
VisualStudioVersion = 16.0.31229.75
MinimumVisualStudioVersion = 10.0.40219.1
Project("{FAE04EC0-301F-11D3-BF4B-00C04F79EFBC}") = "whatsAppClone", "whatsAppClone.csproj", "{5A486FA2-CBC2-4E50-B1D9-C2F25296A90C}"
EndProject
Global
	GlobalSection(SolutionConfigurationPlatforms) = preSolution
		Debug|Any CPU = Debug|Any CPU
		Release|Any CPU = Release|Any CPU
	EndGlobalSection
	GlobalSection(ProjectConfigurationPlatforms) = postSolution
		{5A486FA2-CBC2-4E50-B1D9-C2F25296A90C}.Debug|Any CPU.ActiveCfg = Debug|Any CPU
		{5A486FA2-CBC2-4E50-B1D9-C2F25296A90C}.Debug|Any CPU.Build.0 = Debug|Any CPU
		{5A486FA2-CBC2-4E50-B1D9-C2F25296A90C}.Release|Any CPU.ActiveCfg = Release|Any CPU
		{5A486FA2-CBC2-4E50-B1D9-C2F25296A90C}.Release|Any CPU.Build.0 = Release|Any CPU
	EndGlobalSection
	GlobalSection(SolutionProperties) = preSolution
		HideSolutionNode = FALSE
	EndGlobalSection
	GlobalSection(ExtensibilityGlobals) = postSolution
		SolutionGuid = {0D8C5188-66B4-4636-B4F4-B2F1FDABBA17}
	EndGlobalSection
EndGlobal
